
Microsoft Visual Studio Solution File, Format Version 12.00
# Visual Studio Version 16
VisualStudioVersion = 16.0.30428.66
MinimumVisualStudioVersion = 10.0.40219.1
Project("{9A19103F-16F7-4668-BE54-9A1E7A4F7556}") = "ControleADM", "ControleADM\ControleADM.csproj", "{F433BDC7-3D5D-457D-A896-8921D9A2F7A1}"
EndProject
Project("{FAE04EC0-301F-11D3-BF4B-00C04F79EFBC}") = "ControleADM_Aplicacao", "ControleADM_Aplicacao\ControleADM_Aplicacao.csproj", "{81A498B9-F90E-49A3-97E0-164A1D4DC7C9}"
EndProject
Project("{FAE04EC0-301F-11D3-BF4B-00C04F79EFBC}") = "ControleAdmMobile", "ControleAdmMobile\ControleAdmMobile.csproj", "{15A74AF1-36CD-4EA1-AF2E-C419C2677704}"
EndProject
Project("{FAE04EC0-301F-11D3-BF4B-00C04F79EFBC}") = "App1.Android", "App1\App1.Android\App1.Android.csproj", "{00061EF0-363B-429A-86BF-DB56437E43AB}"
EndProject
Project("{FAE04EC0-301F-11D3-BF4B-00C04F79EFBC}") = "App1.iOS", "App1\App1.iOS\App1.iOS.csproj", "{CC757F0F-5A27-4873-A06C-4F7F43154FD7}"
EndProject
Project("{FAE04EC0-301F-11D3-BF4B-00C04F79EFBC}") = "App1", "App1\App1\App1.csproj", "{824CFB20-7825-4E8B-A0B6-42BE06D8609B}"
EndProject
Global
	GlobalSection(SolutionConfigurationPlatforms) = preSolution
		Debug|Any CPU = Debug|Any CPU
		Debug|iPhone = Debug|iPhone
		Debug|iPhoneSimulator = Debug|iPhoneSimulator
		Release|Any CPU = Release|Any CPU
		Release|iPhone = Release|iPhone
		Release|iPhoneSimulator = Release|iPhoneSimulator
	EndGlobalSection
	GlobalSection(ProjectConfigurationPlatforms) = postSolution
		{F433BDC7-3D5D-457D-A896-8921D9A2F7A1}.Debug|Any CPU.ActiveCfg = Debug|Any CPU
		{F433BDC7-3D5D-457D-A896-8921D9A2F7A1}.Debug|Any CPU.Build.0 = Debug|Any CPU
		{F433BDC7-3D5D-457D-A896-8921D9A2F7A1}.Debug|iPhone.ActiveCfg = Debug|Any CPU
		{F433BDC7-3D5D-457D-A896-8921D9A2F7A1}.Debug|iPhone.Build.0 = Debug|Any CPU
		{F433BDC7-3D5D-457D-A896-8921D9A2F7A1}.Debug|iPhoneSimulator.ActiveCfg = Debug|Any CPU
		{F433BDC7-3D5D-457D-A896-8921D9A2F7A1}.Debug|iPhoneSimulator.Build.0 = Debug|Any CPU
		{F433BDC7-3D5D-457D-A896-8921D9A2F7A1}.Release|Any CPU.ActiveCfg = Release|Any CPU
		{F433BDC7-3D5D-457D-A896-8921D9A2F7A1}.Release|Any CPU.Build.0 = Release|Any CPU
		{F433BDC7-3D5D-457D-A896-8921D9A2F7A1}.Release|iPhone.ActiveCfg = Release|Any CPU
		{F433BDC7-3D5D-457D-A896-8921D9A2F7A1}.Release|iPhone.Build.0 = Release|Any CPU
		{F433BDC7-3D5D-457D-A896-8921D9A2F7A1}.Release|iPhoneSimulator.ActiveCfg = Release|Any CPU
		{F433BDC7-3D5D-457D-A896-8921D9A2F7A1}.Release|iPhoneSimulator.Build.0 = Release|Any CPU
		{81A498B9-F90E-49A3-97E0-164A1D4DC7C9}.Debug|Any CPU.ActiveCfg = Debug|Any CPU
		{81A498B9-F90E-49A3-97E0-164A1D4DC7C9}.Debug|Any CPU.Build.0 = Debug|Any CPU
		{81A498B9-F90E-49A3-97E0-164A1D4DC7C9}.Debug|iPhone.ActiveCfg = Debug|Any CPU
		{81A498B9-F90E-49A3-97E0-164A1D4DC7C9}.Debug|iPhone.Build.0 = Debug|Any CPU
		{81A498B9-F90E-49A3-97E0-164A1D4DC7C9}.Debug|iPhoneSimulator.ActiveCfg = Debug|Any CPU
		{81A498B9-F90E-49A3-97E0-164A1D4DC7C9}.Debug|iPhoneSimulator.Build.0 = Debug|Any CPU
		{81A498B9-F90E-49A3-97E0-164A1D4DC7C9}.Release|Any CPU.ActiveCfg = Release|Any CPU
		{81A498B9-F90E-49A3-97E0-164A1D4DC7C9}.Release|Any CPU.Build.0 = Release|Any CPU
		{81A498B9-F90E-49A3-97E0-164A1D4DC7C9}.Release|iPhone.ActiveCfg = Release|Any CPU
		{81A498B9-F90E-49A3-97E0-164A1D4DC7C9}.Release|iPhone.Build.0 = Release|Any CPU
		{81A498B9-F90E-49A3-97E0-164A1D4DC7C9}.Release|iPhoneSimulator.ActiveCfg = Release|Any CPU
		{81A498B9-F90E-49A3-97E0-164A1D4DC7C9}.Release|iPhoneSimulator.Build.0 = Release|Any CPU
		{15A74AF1-36CD-4EA1-AF2E-C419C2677704}.Debug|Any CPU.ActiveCfg = Debug|Any CPU
		{15A74AF1-36CD-4EA1-AF2E-C419C2677704}.Debug|Any CPU.Build.0 = Debug|Any CPU
		{15A74AF1-36CD-4EA1-AF2E-C419C2677704}.Debug|Any CPU.Deploy.0 = Debug|Any CPU
		{15A74AF1-36CD-4EA1-AF2E-C419C2677704}.Debug|iPhone.ActiveCfg = Debug|Any CPU
		{15A74AF1-36CD-4EA1-AF2E-C419C2677704}.Debug|iPhone.Build.0 = Debug|Any CPU
		{15A74AF1-36CD-4EA1-AF2E-C419C2677704}.Debug|iPhone.Deploy.0 = Debug|Any CPU
		{15A74AF1-36CD-4EA1-AF2E-C419C2677704}.Debug|iPhoneSimulator.ActiveCfg = Debug|Any CPU
		{15A74AF1-36CD-4EA1-AF2E-C419C2677704}.Debug|iPhoneSimulator.Build.0 = Debug|Any CPU
		{15A74AF1-36CD-4EA1-AF2E-C419C2677704}.Debug|iPhoneSimulator.Deploy.0 = Debug|Any CPU
		{15A74AF1-36CD-4EA1-AF2E-C419C2677704}.Release|Any CPU.ActiveCfg = Release|Any CPU
		{15A74AF1-36CD-4EA1-AF2E-C419C2677704}.Release|Any CPU.Build.0 = Release|Any CPU
		{15A74AF1-36CD-4EA1-AF2E-C419C2677704}.Release|Any CPU.Deploy.0 = Release|Any CPU
		{15A74AF1-36CD-4EA1-AF2E-C419C2677704}.Release|iPhone.ActiveCfg = Release|Any CPU
		{15A74AF1-36CD-4EA1-AF2E-C419C2677704}.Release|iPhone.Build.0 = Release|Any CPU
		{15A74AF1-36CD-4EA1-AF2E-C419C2677704}.Release|iPhone.Deploy.0 = Release|Any CPU
		{15A74AF1-36CD-4EA1-AF2E-C419C2677704}.Release|iPhoneSimulator.ActiveCfg = Release|Any CPU
		{15A74AF1-36CD-4EA1-AF2E-C419C2677704}.Release|iPhoneSimulator.Build.0 = Release|Any CPU
		{15A74AF1-36CD-4EA1-AF2E-C419C2677704}.Release|iPhoneSimulator.Deploy.0 = Release|Any CPU
		{00061EF0-363B-429A-86BF-DB56437E43AB}.Debug|Any CPU.ActiveCfg = Debug|Any CPU
		{00061EF0-363B-429A-86BF-DB56437E43AB}.Debug|Any CPU.Build.0 = Debug|Any CPU
		{00061EF0-363B-429A-86BF-DB56437E43AB}.Debug|Any CPU.Deploy.0 = Debug|Any CPU
		{00061EF0-363B-429A-86BF-DB56437E43AB}.Debug|iPhone.ActiveCfg = Debug|Any CPU
		{00061EF0-363B-429A-86BF-DB56437E43AB}.Debug|iPhone.Build.0 = Debug|Any CPU
		{00061EF0-363B-429A-86BF-DB56437E43AB}.Debug|iPhone.Deploy.0 = Debug|Any CPU
		{00061EF0-363B-429A-86BF-DB56437E43AB}.Debug|iPhoneSimulator.ActiveCfg = Debug|Any CPU
		{00061EF0-363B-429A-86BF-DB56437E43AB}.Debug|iPhoneSimulator.Build.0 = Debug|Any CPU
		{00061EF0-363B-429A-86BF-DB56437E43AB}.Debug|iPhoneSimulator.Deploy.0 = Debug|Any CPU
		{00061EF0-363B-429A-86BF-DB56437E43AB}.Release|Any CPU.ActiveCfg = Release|Any CPU
		{00061EF0-363B-429A-86BF-DB56437E43AB}.Release|Any CPU.Build.0 = Release|Any CPU
		{00061EF0-363B-429A-86BF-DB56437E43AB}.Release|Any CPU.Deploy.0 = Release|Any CPU
		{00061EF0-363B-429A-86BF-DB56437E43AB}.Release|iPhone.ActiveCfg = Release|Any CPU
		{00061EF0-363B-429A-86BF-DB56437E43AB}.Release|iPhone.Build.0 = Release|Any CPU
		{00061EF0-363B-429A-86BF-DB56437E43AB}.Release|iPhone.Deploy.0 = Release|Any CPU
		{00061EF0-363B-429A-86BF-DB56437E43AB}.Release|iPhoneSimulator.ActiveCfg = Release|Any CPU
		{00061EF0-363B-429A-86BF-DB56437E43AB}.Release|iPhoneSimulator.Build.0 = Release|Any CPU
		{00061EF0-363B-429A-86BF-DB56437E43AB}.Release|iPhoneSimulator.Deploy.0 = Release|Any CPU
		{CC757F0F-5A27-4873-A06C-4F7F43154FD7}.Debug|Any CPU.ActiveCfg = Debug|iPhone
		{CC757F0F-5A27-4873-A06C-4F7F43154FD7}.Debug|iPhone.ActiveCfg = Debug|iPhone
		{CC757F0F-5A27-4873-A06C-4F7F43154FD7}.Debug|iPhone.Build.0 = Debug|iPhone
		{CC757F0F-5A27-4873-A06C-4F7F43154FD7}.Debug|iPhoneSimulator.ActiveCfg = Debug|iPhoneSimulator
		{CC757F0F-5A27-4873-A06C-4F7F43154FD7}.Debug|iPhoneSimulator.Build.0 = Debug|iPhoneSimulator
		{CC757F0F-5A27-4873-A06C-4F7F43154FD7}.Release|Any CPU.ActiveCfg = Release|iPhone
		{CC757F0F-5A27-4873-A06C-4F7F43154FD7}.Release|iPhone.ActiveCfg = Release|iPhone
		{CC757F0F-5A27-4873-A06C-4F7F43154FD7}.Release|iPhone.Build.0 = Release|iPhone
		{CC757F0F-5A27-4873-A06C-4F7F43154FD7}.Release|iPhoneSimulator.ActiveCfg = Release|iPhoneSimulator
		{CC757F0F-5A27-4873-A06C-4F7F43154FD7}.Release|iPhoneSimulator.Build.0 = Release|iPhoneSimulator
		{824CFB20-7825-4E8B-A0B6-42BE06D8609B}.Debug|Any CPU.ActiveCfg = Debug|Any CPU
		{824CFB20-7825-4E8B-A0B6-42BE06D8609B}.Debug|Any CPU.Build.0 = Debug|Any CPU
		{824CFB20-7825-4E8B-A0B6-42BE06D8609B}.Debug|iPhone.ActiveCfg = Debug|Any CPU
		{824CFB20-7825-4E8B-A0B6-42BE06D8609B}.Debug|iPhone.Build.0 = Debug|Any CPU
		{824CFB20-7825-4E8B-A0B6-42BE06D8609B}.Debug|iPhoneSimulator.ActiveCfg = Debug|Any CPU
		{824CFB20-7825-4E8B-A0B6-42BE06D8609B}.Debug|iPhoneSimulator.Build.0 = Debug|Any CPU
		{824CFB20-7825-4E8B-A0B6-42BE06D8609B}.Release|Any CPU.ActiveCfg = Release|Any CPU
		{824CFB20-7825-4E8B-A0B6-42BE06D8609B}.Release|Any CPU.Build.0 = Release|Any CPU
		{824CFB20-7825-4E8B-A0B6-42BE06D8609B}.Release|iPhone.ActiveCfg = Release|Any CPU
		{824CFB20-7825-4E8B-A0B6-42BE06D8609B}.Release|iPhone.Build.0 = Release|Any CPU
		{824CFB20-7825-4E8B-A0B6-42BE06D8609B}.Release|iPhoneSimulator.ActiveCfg = Release|Any CPU
		{824CFB20-7825-4E8B-A0B6-42BE06D8609B}.Release|iPhoneSimulator.Build.0 = Release|Any CPU
	EndGlobalSection
	GlobalSection(SolutionProperties) = preSolution
		HideSolutionNode = FALSE
	EndGlobalSection
	GlobalSection(ExtensibilityGlobals) = postSolution
		SolutionGuid = {7FCDCCB9-2A37-40C5-9749-18D709316651}
	EndGlobalSection
EndGlobal
