
Microsoft Visual Studio Solution File, Format Version 12.00
# Visual Studio Version 16
VisualStudioVersion = 16.0.30428.66
MinimumVisualStudioVersion = 10.0.40219.1
Project("{FAE04EC0-301F-11D3-BF4B-00C04F79EFBC}") = "ControleADM", "ControleADM\ControleADM.csproj", "{F433BDC7-3D5D-457D-A896-8921D9A2F7A1}"
EndProject
Global
	GlobalSection(SolutionConfigurationPlatforms) = preSolution
		Debug|Any CPU = Debug|Any CPU
		Release|Any CPU = Release|Any CPU
	EndGlobalSection
	GlobalSection(ProjectConfigurationPlatforms) = postSolution
		{F433BDC7-3D5D-457D-A896-8921D9A2F7A1}.Debug|Any CPU.ActiveCfg = Debug|Any CPU
		{F433BDC7-3D5D-457D-A896-8921D9A2F7A1}.Debug|Any CPU.Build.0 = Debug|Any CPU
		{F433BDC7-3D5D-457D-A896-8921D9A2F7A1}.Release|Any CPU.ActiveCfg = Release|Any CPU
		{F433BDC7-3D5D-457D-A896-8921D9A2F7A1}.Release|Any CPU.Build.0 = Release|Any CPU
	EndGlobalSection
	GlobalSection(SolutionProperties) = preSolution
		HideSolutionNode = FALSE
	EndGlobalSection
	GlobalSection(ExtensibilityGlobals) = postSolution
		SolutionGuid = {7FCDCCB9-2A37-40C5-9749-18D709316651}
	EndGlobalSection
EndGlobal
